// !$*UTF8*$!
{
	archiveVersion = 1;
	classes = {
	};
	objectVersion = 51;
	objects = {

/* Begin PBXBuildFile section */
		3152CD3824971A6200C407C4 /* MainTabViewController.swift in Sources */ = {isa = PBXBuildFile; fileRef = 3152CD3724971A6200C407C4 /* MainTabViewController.swift */; };
		3152CD3A24971ACC00C407C4 /* FMHomeController.swift in Sources */ = {isa = PBXBuildFile; fileRef = 3152CD3924971ACC00C407C4 /* FMHomeController.swift */; };
		3152CD3D24971D4B00C407C4 /* FMNavigationController.swift in Sources */ = {isa = PBXBuildFile; fileRef = 3152CD3C24971D4B00C407C4 /* FMNavigationController.swift */; };
		3152CD3F24971F6900C407C4 /* FMBasicContentView.swift in Sources */ = {isa = PBXBuildFile; fileRef = 3152CD3E24971F6900C407C4 /* FMBasicContentView.swift */; };
		3152CD412497204E00C407C4 /* FMBouncesContentView.swift in Sources */ = {isa = PBXBuildFile; fileRef = 3152CD402497204E00C407C4 /* FMBouncesContentView.swift */; };
		3152CD43249722D000C407C4 /* FMIrregularityBasicContentView.swift in Sources */ = {isa = PBXBuildFile; fileRef = 3152CD42249722D000C407C4 /* FMIrregularityBasicContentView.swift */; };
		3152CD4724975CB500C407C4 /* FMArrayUtils.swift in Sources */ = {isa = PBXBuildFile; fileRef = 3152CD4624975CB500C407C4 /* FMArrayUtils.swift */; };
		315319B024989B2A00658B55 /* FMHomeClassifyController.swift in Sources */ = {isa = PBXBuildFile; fileRef = 315319AF24989B2A00658B55 /* FMHomeClassifyController.swift */; };
		315319B22498A10300658B55 /* FMHomeClassifyCell.swift in Sources */ = {isa = PBXBuildFile; fileRef = 315319B12498A10300658B55 /* FMHomeClassifyCell.swift */; };
		315319B42498A90B00658B55 /* FMHomeClassifyModel.swift in Sources */ = {isa = PBXBuildFile; fileRef = 315319B32498A90B00658B55 /* FMHomeClassifyModel.swift */; };
		315319B92498BF0600658B55 /* FMHomeClassifyAPI.swift in Sources */ = {isa = PBXBuildFile; fileRef = 315319B82498BF0600658B55 /* FMHomeClassifyAPI.swift */; };
		315340032499B094005870ED /* FMTestAPI.swift in Sources */ = {isa = PBXBuildFile; fileRef = 315340022499B094005870ED /* FMTestAPI.swift */; };
		315340052499BB79005870ED /* FMHomeClassifyHeaderView.swift in Sources */ = {isa = PBXBuildFile; fileRef = 315340042499BB79005870ED /* FMHomeClassifyHeaderView.swift */; };
		315340092499CA1A005870ED /* FMHomeBroadcastController.swift in Sources */ = {isa = PBXBuildFile; fileRef = 315340072499CA1A005870ED /* FMHomeBroadcastController.swift */; };
		3153608B249367A0002392BB /* AppDelegate.swift in Sources */ = {isa = PBXBuildFile; fileRef = 3153608A249367A0002392BB /* AppDelegate.swift */; };
		31536092249367A0002392BB /* Main.storyboard in Resources */ = {isa = PBXBuildFile; fileRef = 31536090249367A0002392BB /* Main.storyboard */; };
		31536094249367A0002392BB /* Assets.xcassets in Resources */ = {isa = PBXBuildFile; fileRef = 31536093249367A0002392BB /* Assets.xcassets */; };
		31536097249367A0002392BB /* LaunchScreen.storyboard in Resources */ = {isa = PBXBuildFile; fileRef = 31536095249367A0002392BB /* LaunchScreen.storyboard */; };
		315360A624937600002392BB /* MainViewController.swift in Sources */ = {isa = PBXBuildFile; fileRef = 315360A424937600002392BB /* MainViewController.swift */; };
		315360AA2493786E002392BB /* XMLYHeader.swift in Sources */ = {isa = PBXBuildFile; fileRef = 315360A92493786E002392BB /* XMLYHeader.swift */; };
		315360B824937AA7002392BB /* WRNavigationBar.swift in Sources */ = {isa = PBXBuildFile; fileRef = 315360AC24937AA7002392BB /* WRNavigationBar.swift */; };
		315360B924937AA7002392BB /* WRCustomNavigationBar.swift in Sources */ = {isa = PBXBuildFile; fileRef = 315360AD24937AA7002392BB /* WRCustomNavigationBar.swift */; };
		315360BA24937AA7002392BB /* WRProxy.swift in Sources */ = {isa = PBXBuildFile; fileRef = 315360AF24937AA7002392BB /* WRProxy.swift */; };
		315360BB24937AA7002392BB /* WRCycleScrollView.swift in Sources */ = {isa = PBXBuildFile; fileRef = 315360B024937AA7002392BB /* WRCycleScrollView.swift */; };
		315360BC24937AA7002392BB /* WRCycleCell.swift in Sources */ = {isa = PBXBuildFile; fileRef = 315360B124937AA7002392BB /* WRCycleCell.swift */; };
		315360BD24937AA7002392BB /* ReplicatorLayer.swift in Sources */ = {isa = PBXBuildFile; fileRef = 315360B324937AA7002392BB /* ReplicatorLayer.swift */; };
		315360BE24937AA7002392BB /* URefresh.swift in Sources */ = {isa = PBXBuildFile; fileRef = 315360B524937AA7002392BB /* URefresh.swift */; };
		315360BF24937AA7002392BB /* LBFMCustomLabel.swift in Sources */ = {isa = PBXBuildFile; fileRef = 315360B724937AA7002392BB /* LBFMCustomLabel.swift */; };
		3154D9C3249B0C6800B8951D /* FMRadioSquareCell.swift in Sources */ = {isa = PBXBuildFile; fileRef = 3154D9C1249B0C6800B8951D /* FMRadioSquareCell.swift */; };
		3154D9C4249B0C6800B8951D /* FMRadioSquareCell.xib in Resources */ = {isa = PBXBuildFile; fileRef = 3154D9C2249B0C6800B8951D /* FMRadioSquareCell.xib */; };
		3154D9C8249B103A00B8951D /* FMHomeBroadcastAPI.swift in Sources */ = {isa = PBXBuildFile; fileRef = 3154D9C7249B103A00B8951D /* FMHomeBroadcastAPI.swift */; };
		3154D9CA249B185800B8951D /* FMRadiosModel.swift in Sources */ = {isa = PBXBuildFile; fileRef = 3154D9C9249B185800B8951D /* FMRadiosModel.swift */; };
		3154D9CD249B342100B8951D /* FMRadioCategoriesCell.swift in Sources */ = {isa = PBXBuildFile; fileRef = 3154D9CB249B342100B8951D /* FMRadioCategoriesCell.swift */; };
		3154D9CE249B342100B8951D /* FMRadioCategoriesCell.xib in Resources */ = {isa = PBXBuildFile; fileRef = 3154D9CC249B342100B8951D /* FMRadioCategoriesCell.xib */; };
		3154D9D1249B4D7600B8951D /* FMHomeRadiosCell.swift in Sources */ = {isa = PBXBuildFile; fileRef = 3154D9CF249B4D7600B8951D /* FMHomeRadiosCell.swift */; };
		3154D9D2249B4D7600B8951D /* FMHomeRadiosCell.xib in Resources */ = {isa = PBXBuildFile; fileRef = 3154D9D0249B4D7600B8951D /* FMHomeRadiosCell.xib */; };
		3154D9D5249B598300B8951D /* FMRadioHeaderView.swift in Sources */ = {isa = PBXBuildFile; fileRef = 3154D9D3249B598300B8951D /* FMRadioHeaderView.swift */; };
		3154D9D6249B598300B8951D /* FMRadioHeaderView.xib in Resources */ = {isa = PBXBuildFile; fileRef = 3154D9D4249B598300B8951D /* FMRadioHeaderView.xib */; };
		316EC5A0249C579D00E328EF /* FMMineController.swift in Sources */ = {isa = PBXBuildFile; fileRef = 316EC59F249C579D00E328EF /* FMMineController.swift */; };
		316EC5A2249C633500E328EF /* FMMineHeaderView.swift in Sources */ = {isa = PBXBuildFile; fileRef = 316EC5A1249C633500E328EF /* FMMineHeaderView.swift */; };
		31FAE12D249766EE00C1E632 /* FMHomeRecommendController.swift in Sources */ = {isa = PBXBuildFile; fileRef = 31FAE12C249766EE00C1E632 /* FMHomeRecommendController.swift */; };
		B87466738B6A314D40DDCA0E /* Pods_XMLY.framework in Frameworks */ = {isa = PBXBuildFile; fileRef = 58B748A80F7136BE864B83D2 /* Pods_XMLY.framework */; };
/* End PBXBuildFile section */

/* Begin PBXFileReference section */
		3152CD3724971A6200C407C4 /* MainTabViewController.swift */ = {isa = PBXFileReference; lastKnownFileType = sourcecode.swift; path = MainTabViewController.swift; sourceTree = "<group>"; };
		3152CD3924971ACC00C407C4 /* FMHomeController.swift */ = {isa = PBXFileReference; lastKnownFileType = sourcecode.swift; path = FMHomeController.swift; sourceTree = "<group>"; };
		3152CD3C24971D4B00C407C4 /* FMNavigationController.swift */ = {isa = PBXFileReference; lastKnownFileType = sourcecode.swift; path = FMNavigationController.swift; sourceTree = "<group>"; };
		3152CD3E24971F6900C407C4 /* FMBasicContentView.swift */ = {isa = PBXFileReference; lastKnownFileType = sourcecode.swift; path = FMBasicContentView.swift; sourceTree = "<group>"; };
		3152CD402497204E00C407C4 /* FMBouncesContentView.swift */ = {isa = PBXFileReference; lastKnownFileType = sourcecode.swift; path = FMBouncesContentView.swift; sourceTree = "<group>"; };
		3152CD42249722D000C407C4 /* FMIrregularityBasicContentView.swift */ = {isa = PBXFileReference; lastKnownFileType = sourcecode.swift; path = FMIrregularityBasicContentView.swift; sourceTree = "<group>"; };
		3152CD4624975CB500C407C4 /* FMArrayUtils.swift */ = {isa = PBXFileReference; lastKnownFileType = sourcecode.swift; path = FMArrayUtils.swift; sourceTree = "<group>"; };
		315319AF24989B2A00658B55 /* FMHomeClassifyController.swift */ = {isa = PBXFileReference; lastKnownFileType = sourcecode.swift; path = FMHomeClassifyController.swift; sourceTree = "<group>"; };
		315319B12498A10300658B55 /* FMHomeClassifyCell.swift */ = {isa = PBXFileReference; lastKnownFileType = sourcecode.swift; path = FMHomeClassifyCell.swift; sourceTree = "<group>"; };
		315319B32498A90B00658B55 /* FMHomeClassifyModel.swift */ = {isa = PBXFileReference; lastKnownFileType = sourcecode.swift; path = FMHomeClassifyModel.swift; sourceTree = "<group>"; };
		315319B82498BF0600658B55 /* FMHomeClassifyAPI.swift */ = {isa = PBXFileReference; lastKnownFileType = sourcecode.swift; path = FMHomeClassifyAPI.swift; sourceTree = "<group>"; };
		315340022499B094005870ED /* FMTestAPI.swift */ = {isa = PBXFileReference; lastKnownFileType = sourcecode.swift; path = FMTestAPI.swift; sourceTree = "<group>"; };
		315340042499BB79005870ED /* FMHomeClassifyHeaderView.swift */ = {isa = PBXFileReference; lastKnownFileType = sourcecode.swift; path = FMHomeClassifyHeaderView.swift; sourceTree = "<group>"; };
		315340072499CA1A005870ED /* FMHomeBroadcastController.swift */ = {isa = PBXFileReference; lastKnownFileType = sourcecode.swift; path = FMHomeBroadcastController.swift; sourceTree = "<group>"; };
		31536087249367A0002392BB /* XMLY.app */ = {isa = PBXFileReference; explicitFileType = wrapper.application; includeInIndex = 0; path = XMLY.app; sourceTree = BUILT_PRODUCTS_DIR; };
		3153608A249367A0002392BB /* AppDelegate.swift */ = {isa = PBXFileReference; lastKnownFileType = sourcecode.swift; path = AppDelegate.swift; sourceTree = "<group>"; };
		31536091249367A0002392BB /* Base */ = {isa = PBXFileReference; lastKnownFileType = file.storyboard; name = Base; path = Base.lproj/Main.storyboard; sourceTree = "<group>"; };
		31536093249367A0002392BB /* Assets.xcassets */ = {isa = PBXFileReference; lastKnownFileType = folder.assetcatalog; path = Assets.xcassets; sourceTree = "<group>"; };
		31536096249367A0002392BB /* Base */ = {isa = PBXFileReference; lastKnownFileType = file.storyboard; name = Base; path = Base.lproj/LaunchScreen.storyboard; sourceTree = "<group>"; };
		31536098249367A0002392BB /* Info.plist */ = {isa = PBXFileReference; lastKnownFileType = text.plist.xml; path = Info.plist; sourceTree = "<group>"; };
		315360A424937600002392BB /* MainViewController.swift */ = {isa = PBXFileReference; fileEncoding = 4; lastKnownFileType = sourcecode.swift; path = MainViewController.swift; sourceTree = "<group>"; };
		315360A92493786E002392BB /* XMLYHeader.swift */ = {isa = PBXFileReference; lastKnownFileType = sourcecode.swift; path = XMLYHeader.swift; sourceTree = "<group>"; };
		315360AC24937AA7002392BB /* WRNavigationBar.swift */ = {isa = PBXFileReference; fileEncoding = 4; lastKnownFileType = sourcecode.swift; path = WRNavigationBar.swift; sourceTree = "<group>"; };
		315360AD24937AA7002392BB /* WRCustomNavigationBar.swift */ = {isa = PBXFileReference; fileEncoding = 4; lastKnownFileType = sourcecode.swift; path = WRCustomNavigationBar.swift; sourceTree = "<group>"; };
		315360AF24937AA7002392BB /* WRProxy.swift */ = {isa = PBXFileReference; fileEncoding = 4; lastKnownFileType = sourcecode.swift; path = WRProxy.swift; sourceTree = "<group>"; };
		315360B024937AA7002392BB /* WRCycleScrollView.swift */ = {isa = PBXFileReference; fileEncoding = 4; lastKnownFileType = sourcecode.swift; path = WRCycleScrollView.swift; sourceTree = "<group>"; };
		315360B124937AA7002392BB /* WRCycleCell.swift */ = {isa = PBXFileReference; fileEncoding = 4; lastKnownFileType = sourcecode.swift; path = WRCycleCell.swift; sourceTree = "<group>"; };
		315360B324937AA7002392BB /* ReplicatorLayer.swift */ = {isa = PBXFileReference; fileEncoding = 4; lastKnownFileType = sourcecode.swift; path = ReplicatorLayer.swift; sourceTree = "<group>"; };
		315360B524937AA7002392BB /* URefresh.swift */ = {isa = PBXFileReference; fileEncoding = 4; lastKnownFileType = sourcecode.swift; path = URefresh.swift; sourceTree = "<group>"; };
		315360B724937AA7002392BB /* LBFMCustomLabel.swift */ = {isa = PBXFileReference; fileEncoding = 4; lastKnownFileType = sourcecode.swift; path = LBFMCustomLabel.swift; sourceTree = "<group>"; };
		3154D9C1249B0C6800B8951D /* FMRadioSquareCell.swift */ = {isa = PBXFileReference; lastKnownFileType = sourcecode.swift; path = FMRadioSquareCell.swift; sourceTree = "<group>"; };
		3154D9C2249B0C6800B8951D /* FMRadioSquareCell.xib */ = {isa = PBXFileReference; lastKnownFileType = file.xib; path = FMRadioSquareCell.xib; sourceTree = "<group>"; };
		3154D9C7249B103A00B8951D /* FMHomeBroadcastAPI.swift */ = {isa = PBXFileReference; lastKnownFileType = sourcecode.swift; path = FMHomeBroadcastAPI.swift; sourceTree = "<group>"; };
		3154D9C9249B185800B8951D /* FMRadiosModel.swift */ = {isa = PBXFileReference; lastKnownFileType = sourcecode.swift; name = FMRadiosModel.swift; path = "XMLY/Class/Home/广播/FMRadiosModel.swift"; sourceTree = SOURCE_ROOT; };
		3154D9CB249B342100B8951D /* FMRadioCategoriesCell.swift */ = {isa = PBXFileReference; lastKnownFileType = sourcecode.swift; path = FMRadioCategoriesCell.swift; sourceTree = "<group>"; };
		3154D9CC249B342100B8951D /* FMRadioCategoriesCell.xib */ = {isa = PBXFileReference; lastKnownFileType = file.xib; path = FMRadioCategoriesCell.xib; sourceTree = "<group>"; };
		3154D9CF249B4D7600B8951D /* FMHomeRadiosCell.swift */ = {isa = PBXFileReference; lastKnownFileType = sourcecode.swift; path = FMHomeRadiosCell.swift; sourceTree = "<group>"; };
		3154D9D0249B4D7600B8951D /* FMHomeRadiosCell.xib */ = {isa = PBXFileReference; lastKnownFileType = file.xib; path = FMHomeRadiosCell.xib; sourceTree = "<group>"; };
		3154D9D3249B598300B8951D /* FMRadioHeaderView.swift */ = {isa = PBXFileReference; lastKnownFileType = sourcecode.swift; path = FMRadioHeaderView.swift; sourceTree = "<group>"; };
		3154D9D4249B598300B8951D /* FMRadioHeaderView.xib */ = {isa = PBXFileReference; lastKnownFileType = file.xib; path = FMRadioHeaderView.xib; sourceTree = "<group>"; };
		316EC59F249C579D00E328EF /* FMMineController.swift */ = {isa = PBXFileReference; lastKnownFileType = sourcecode.swift; path = FMMineController.swift; sourceTree = "<group>"; };
		316EC5A1249C633500E328EF /* FMMineHeaderView.swift */ = {isa = PBXFileReference; lastKnownFileType = sourcecode.swift; path = FMMineHeaderView.swift; sourceTree = "<group>"; };
		31FAE12C249766EE00C1E632 /* FMHomeRecommendController.swift */ = {isa = PBXFileReference; lastKnownFileType = sourcecode.swift; path = FMHomeRecommendController.swift; sourceTree = "<group>"; };
		33FADE0CB99E4B05391F506A /* Pods-XMLY.debug.xcconfig */ = {isa = PBXFileReference; includeInIndex = 1; lastKnownFileType = text.xcconfig; name = "Pods-XMLY.debug.xcconfig"; path = "Target Support Files/Pods-XMLY/Pods-XMLY.debug.xcconfig"; sourceTree = "<group>"; };
		58B748A80F7136BE864B83D2 /* Pods_XMLY.framework */ = {isa = PBXFileReference; explicitFileType = wrapper.framework; includeInIndex = 0; path = Pods_XMLY.framework; sourceTree = BUILT_PRODUCTS_DIR; };
		BCAFE106EA7CB4FEE6497561 /* Pods-XMLY.release.xcconfig */ = {isa = PBXFileReference; includeInIndex = 1; lastKnownFileType = text.xcconfig; name = "Pods-XMLY.release.xcconfig"; path = "Target Support Files/Pods-XMLY/Pods-XMLY.release.xcconfig"; sourceTree = "<group>"; };
/* End PBXFileReference section */

/* Begin PBXFrameworksBuildPhase section */
		31536084249367A0002392BB /* Frameworks */ = {
			isa = PBXFrameworksBuildPhase;
			buildActionMask = 2147483647;
			files = (
				B87466738B6A314D40DDCA0E /* Pods_XMLY.framework in Frameworks */,
			);
			runOnlyForDeploymentPostprocessing = 0;
		};
/* End PBXFrameworksBuildPhase section */

/* Begin PBXGroup section */
		3152CD3B24971D0C00C407C4 /* MainController */ = {
			isa = PBXGroup;
			children = (
				3152CD3724971A6200C407C4 /* MainTabViewController.swift */,
				3152CD3C24971D4B00C407C4 /* FMNavigationController.swift */,
				3152CD3E24971F6900C407C4 /* FMBasicContentView.swift */,
				3152CD402497204E00C407C4 /* FMBouncesContentView.swift */,
				3152CD42249722D000C407C4 /* FMIrregularityBasicContentView.swift */,
				315360A424937600002392BB /* MainViewController.swift */,
			);
			path = MainController;
			sourceTree = "<group>";
		};
		315319AE24989AFD00658B55 /* 分类 */ = {
			isa = PBXGroup;
			children = (
				315319AF24989B2A00658B55 /* FMHomeClassifyController.swift */,
				315319B72498BEE100658B55 /* API */,
				315319B62498BEC900658B55 /* Model */,
				315319B52498BEC200658B55 /* View */,
			);
			path = "分类";
			sourceTree = "<group>";
		};
		315319B52498BEC200658B55 /* View */ = {
			isa = PBXGroup;
			children = (
				315319B12498A10300658B55 /* FMHomeClassifyCell.swift */,
				315340042499BB79005870ED /* FMHomeClassifyHeaderView.swift */,
			);
			path = View;
			sourceTree = "<group>";
		};
		315319B62498BEC900658B55 /* Model */ = {
			isa = PBXGroup;
			children = (
				315319B32498A90B00658B55 /* FMHomeClassifyModel.swift */,
			);
			path = Model;
			sourceTree = "<group>";
		};
		315319B72498BEE100658B55 /* API */ = {
			isa = PBXGroup;
			children = (
				315319B82498BF0600658B55 /* FMHomeClassifyAPI.swift */,
				315340022499B094005870ED /* FMTestAPI.swift */,
			);
			path = API;
			sourceTree = "<group>";
		};
		315340062499C9E9005870ED /* 广播 */ = {
			isa = PBXGroup;
			children = (
				315340072499CA1A005870ED /* FMHomeBroadcastController.swift */,
				3154D9C6249B101C00B8951D /* API */,
				3154D9C5249B0DDB00B8951D /* Model */,
				3154D9C0249B0C5200B8951D /* View */,
			);
			path = "广播";
			sourceTree = "<group>";
		};
		3153607E249367A0002392BB = {
			isa = PBXGroup;
			children = (
				31536089249367A0002392BB /* XMLY */,
				31536088249367A0002392BB /* Products */,
				8F274822C894755F7A9D9539 /* Pods */,
				369125E6FA59FC1C2EE6510B /* Frameworks */,
			);
			sourceTree = "<group>";
		};
		31536088249367A0002392BB /* Products */ = {
			isa = PBXGroup;
			children = (
				31536087249367A0002392BB /* XMLY.app */,
			);
			name = Products;
			sourceTree = "<group>";
		};
		31536089249367A0002392BB /* XMLY */ = {
			isa = PBXGroup;
			children = (
				315360A22493735A002392BB /* AppDelegate */,
				3152CD3B24971D0C00C407C4 /* MainController */,
				3153609F24937359002392BB /* Common */,
				315360A12493735A002392BB /* Class */,
				315360A024937359002392BB /* Other */,
				3153609E2493734C002392BB /* Lib */,
				31536090249367A0002392BB /* Main.storyboard */,
				31536093249367A0002392BB /* Assets.xcassets */,
				31536095249367A0002392BB /* LaunchScreen.storyboard */,
				31536098249367A0002392BB /* Info.plist */,
			);
			path = XMLY;
			sourceTree = "<group>";
		};
		3153609E2493734C002392BB /* Lib */ = {
			isa = PBXGroup;
			children = (
				315360B624937AA7002392BB /* CustomLabel */,
				315360B424937AA7002392BB /* Refresh */,
				315360B224937AA7002392BB /* ReplicatorLayer */,
				315360AB24937AA7002392BB /* WRNavigationBar */,
			);
			path = Lib;
			sourceTree = "<group>";
		};
		3153609F24937359002392BB /* Common */ = {
			isa = PBXGroup;
			children = (
				315360A92493786E002392BB /* XMLYHeader.swift */,
			);
			path = Common;
			sourceTree = "<group>";
		};
		315360A024937359002392BB /* Other */ = {
			isa = PBXGroup;
			children = (
			);
			path = Other;
			sourceTree = "<group>";
		};
		315360A12493735A002392BB /* Class */ = {
			isa = PBXGroup;
			children = (
				31FAE12E2497690500C1E632 /* Home */,
				316EC59E249C574C00E328EF /* Mine我的 */,
			);
			path = Class;
			sourceTree = "<group>";
		};
		315360A22493735A002392BB /* AppDelegate */ = {
			isa = PBXGroup;
			children = (
				3153608A249367A0002392BB /* AppDelegate.swift */,
			);
			path = AppDelegate;
			sourceTree = "<group>";
		};
		315360AB24937AA7002392BB /* WRNavigationBar */ = {
			isa = PBXGroup;
			children = (
				315360AC24937AA7002392BB /* WRNavigationBar.swift */,
				315360AD24937AA7002392BB /* WRCustomNavigationBar.swift */,
				315360AE24937AA7002392BB /* WRCycleScrollView */,
			);
			path = WRNavigationBar;
			sourceTree = "<group>";
		};
		315360AE24937AA7002392BB /* WRCycleScrollView */ = {
			isa = PBXGroup;
			children = (
				315360AF24937AA7002392BB /* WRProxy.swift */,
				315360B024937AA7002392BB /* WRCycleScrollView.swift */,
				315360B124937AA7002392BB /* WRCycleCell.swift */,
			);
			path = WRCycleScrollView;
			sourceTree = "<group>";
		};
		315360B224937AA7002392BB /* ReplicatorLayer */ = {
			isa = PBXGroup;
			children = (
				315360B324937AA7002392BB /* ReplicatorLayer.swift */,
			);
			path = ReplicatorLayer;
			sourceTree = "<group>";
		};
		315360B424937AA7002392BB /* Refresh */ = {
			isa = PBXGroup;
			children = (
				315360B524937AA7002392BB /* URefresh.swift */,
			);
			path = Refresh;
			sourceTree = "<group>";
		};
		315360B624937AA7002392BB /* CustomLabel */ = {
			isa = PBXGroup;
			children = (
				315360B724937AA7002392BB /* LBFMCustomLabel.swift */,
				3152CD4624975CB500C407C4 /* FMArrayUtils.swift */,
			);
			path = CustomLabel;
			sourceTree = "<group>";
		};
		3154D9C0249B0C5200B8951D /* View */ = {
			isa = PBXGroup;
			children = (
				3154D9C1249B0C6800B8951D /* FMRadioSquareCell.swift */,
				3154D9C2249B0C6800B8951D /* FMRadioSquareCell.xib */,
				3154D9CB249B342100B8951D /* FMRadioCategoriesCell.swift */,
				3154D9CC249B342100B8951D /* FMRadioCategoriesCell.xib */,
				3154D9CF249B4D7600B8951D /* FMHomeRadiosCell.swift */,
				3154D9D0249B4D7600B8951D /* FMHomeRadiosCell.xib */,
				3154D9D3249B598300B8951D /* FMRadioHeaderView.swift */,
				3154D9D4249B598300B8951D /* FMRadioHeaderView.xib */,
			);
			path = View;
			sourceTree = "<group>";
		};
		3154D9C5249B0DDB00B8951D /* Model */ = {
			isa = PBXGroup;
			children = (
				3154D9C9249B185800B8951D /* FMRadiosModel.swift */,
			);
			path = Model;
			sourceTree = "<group>";
		};
		3154D9C6249B101C00B8951D /* API */ = {
			isa = PBXGroup;
			children = (
				3154D9C7249B103A00B8951D /* FMHomeBroadcastAPI.swift */,
			);
			path = API;
			sourceTree = "<group>";
		};
		316EC59E249C574C00E328EF /* Mine我的 */ = {
			isa = PBXGroup;
			children = (
				316EC59F249C579D00E328EF /* FMMineController.swift */,
				316EC5A3249C819700E328EF /* View */,
			);
			path = "Mine我的";
			sourceTree = "<group>";
		};
		316EC5A3249C819700E328EF /* View */ = {
			isa = PBXGroup;
			children = (
				316EC5A1249C633500E328EF /* FMMineHeaderView.swift */,
			);
			path = View;
			sourceTree = "<group>";
		};
		31FAE12E2497690500C1E632 /* Home */ = {
			isa = PBXGroup;
			children = (
				3152CD3924971ACC00C407C4 /* FMHomeController.swift */,
				315340062499C9E9005870ED /* 广播 */,
				31FAE12F2497773400C1E632 /* 推荐 */,
				315319AE24989AFD00658B55 /* 分类 */,
			);
			path = Home;
			sourceTree = "<group>";
		};
		31FAE12F2497773400C1E632 /* 推荐 */ = {
			isa = PBXGroup;
			children = (
				31FAE12C249766EE00C1E632 /* FMHomeRecommendController.swift */,
			);
			path = "推荐";
			sourceTree = "<group>";
		};
		369125E6FA59FC1C2EE6510B /* Frameworks */ = {
			isa = PBXGroup;
			children = (
				58B748A80F7136BE864B83D2 /* Pods_XMLY.framework */,
			);
			name = Frameworks;
			sourceTree = "<group>";
		};
		8F274822C894755F7A9D9539 /* Pods */ = {
			isa = PBXGroup;
			children = (
				33FADE0CB99E4B05391F506A /* Pods-XMLY.debug.xcconfig */,
				BCAFE106EA7CB4FEE6497561 /* Pods-XMLY.release.xcconfig */,
			);
			path = Pods;
			sourceTree = "<group>";
		};
/* End PBXGroup section */

/* Begin PBXNativeTarget section */
		31536086249367A0002392BB /* XMLY */ = {
			isa = PBXNativeTarget;
			buildConfigurationList = 3153609B249367A0002392BB /* Build configuration list for PBXNativeTarget "XMLY" */;
			buildPhases = (
				3E12EBA50D5F56AC4731E6A7 /* [CP] Check Pods Manifest.lock */,
				31536083249367A0002392BB /* Sources */,
				31536084249367A0002392BB /* Frameworks */,
				31536085249367A0002392BB /* Resources */,
				92AB959432471DC0A7390A8E /* [CP] Embed Pods Frameworks */,
			);
			buildRules = (
			);
			dependencies = (
			);
			name = XMLY;
			productName = XMLY;
			productReference = 31536087249367A0002392BB /* XMLY.app */;
			productType = "com.apple.product-type.application";
		};
/* End PBXNativeTarget section */

/* Begin PBXProject section */
		3153607F249367A0002392BB /* Project object */ = {
			isa = PBXProject;
			attributes = {
				CLASSPREFIX = FM;
				LastSwiftUpdateCheck = 1140;
				LastUpgradeCheck = 1140;
				ORGANIZATIONNAME = happy;
				TargetAttributes = {
					31536086249367A0002392BB = {
						CreatedOnToolsVersion = 11.4.1;
					};
				};
			};
			buildConfigurationList = 31536082249367A0002392BB /* Build configuration list for PBXProject "XMLY" */;
			compatibilityVersion = "Xcode 9.3";
			developmentRegion = en;
			hasScannedForEncodings = 0;
			knownRegions = (
				en,
				Base,
			);
			mainGroup = 3153607E249367A0002392BB;
			productRefGroup = 31536088249367A0002392BB /* Products */;
			projectDirPath = "";
			projectRoot = "";
			targets = (
				31536086249367A0002392BB /* XMLY */,
			);
		};
/* End PBXProject section */

/* Begin PBXResourcesBuildPhase section */
		31536085249367A0002392BB /* Resources */ = {
			isa = PBXResourcesBuildPhase;
			buildActionMask = 2147483647;
			files = (
				3154D9CE249B342100B8951D /* FMRadioCategoriesCell.xib in Resources */,
				3154D9D6249B598300B8951D /* FMRadioHeaderView.xib in Resources */,
				31536097249367A0002392BB /* LaunchScreen.storyboard in Resources */,
				3154D9C4249B0C6800B8951D /* FMRadioSquareCell.xib in Resources */,
				31536094249367A0002392BB /* Assets.xcassets in Resources */,
				31536092249367A0002392BB /* Main.storyboard in Resources */,
				3154D9D2249B4D7600B8951D /* FMHomeRadiosCell.xib in Resources */,
			);
			runOnlyForDeploymentPostprocessing = 0;
		};
/* End PBXResourcesBuildPhase section */

/* Begin PBXShellScriptBuildPhase section */
		3E12EBA50D5F56AC4731E6A7 /* [CP] Check Pods Manifest.lock */ = {
			isa = PBXShellScriptBuildPhase;
			buildActionMask = 2147483647;
			files = (
			);
			inputFileListPaths = (
			);
			inputPaths = (
				"${PODS_PODFILE_DIR_PATH}/Podfile.lock",
				"${PODS_ROOT}/Manifest.lock",
			);
			name = "[CP] Check Pods Manifest.lock";
			outputFileListPaths = (
			);
			outputPaths = (
				"$(DERIVED_FILE_DIR)/Pods-XMLY-checkManifestLockResult.txt",
			);
			runOnlyForDeploymentPostprocessing = 0;
			shellPath = /bin/sh;
			shellScript = "diff \"${PODS_PODFILE_DIR_PATH}/Podfile.lock\" \"${PODS_ROOT}/Manifest.lock\" > /dev/null\nif [ $? != 0 ] ; then\n    # print error to STDERR\n    echo \"error: The sandbox is not in sync with the Podfile.lock. Run 'pod install' or update your CocoaPods installation.\" >&2\n    exit 1\nfi\n# This output is used by Xcode 'outputs' to avoid re-running this script phase.\necho \"SUCCESS\" > \"${SCRIPT_OUTPUT_FILE_0}\"\n";
			showEnvVarsInLog = 0;
		};
		92AB959432471DC0A7390A8E /* [CP] Embed Pods Frameworks */ = {
			isa = PBXShellScriptBuildPhase;
			buildActionMask = 2147483647;
			files = (
			);
			inputFileListPaths = (
				"${PODS_ROOT}/Target Support Files/Pods-XMLY/Pods-XMLY-frameworks-${CONFIGURATION}-input-files.xcfilelist",
			);
			name = "[CP] Embed Pods Frameworks";
			outputFileListPaths = (
				"${PODS_ROOT}/Target Support Files/Pods-XMLY/Pods-XMLY-frameworks-${CONFIGURATION}-output-files.xcfilelist",
			);
			runOnlyForDeploymentPostprocessing = 0;
			shellPath = /bin/sh;
			shellScript = "\"${PODS_ROOT}/Target Support Files/Pods-XMLY/Pods-XMLY-frameworks.sh\"\n";
			showEnvVarsInLog = 0;
		};
/* End PBXShellScriptBuildPhase section */

/* Begin PBXSourcesBuildPhase section */
		31536083249367A0002392BB /* Sources */ = {
			isa = PBXSourcesBuildPhase;
			buildActionMask = 2147483647;
			files = (
				315360B824937AA7002392BB /* WRNavigationBar.swift in Sources */,
				315340052499BB79005870ED /* FMHomeClassifyHeaderView.swift in Sources */,
				316EC5A0249C579D00E328EF /* FMMineController.swift in Sources */,
				31FAE12D249766EE00C1E632 /* FMHomeRecommendController.swift in Sources */,
				315360AA2493786E002392BB /* XMLYHeader.swift in Sources */,
				315319B024989B2A00658B55 /* FMHomeClassifyController.swift in Sources */,
				315360BA24937AA7002392BB /* WRProxy.swift in Sources */,
				3154D9D1249B4D7600B8951D /* FMHomeRadiosCell.swift in Sources */,
				3152CD3824971A6200C407C4 /* MainTabViewController.swift in Sources */,
				315319B22498A10300658B55 /* FMHomeClassifyCell.swift in Sources */,
				315360B924937AA7002392BB /* WRCustomNavigationBar.swift in Sources */,
				315360BB24937AA7002392BB /* WRCycleScrollView.swift in Sources */,
				3154D9CD249B342100B8951D /* FMRadioCategoriesCell.swift in Sources */,
				3152CD4724975CB500C407C4 /* FMArrayUtils.swift in Sources */,
				3154D9C3249B0C6800B8951D /* FMRadioSquareCell.swift in Sources */,
				3154D9CA249B185800B8951D /* FMRadiosModel.swift in Sources */,
				3154D9C8249B103A00B8951D /* FMHomeBroadcastAPI.swift in Sources */,
				3153608B249367A0002392BB /* AppDelegate.swift in Sources */,
				315360BD24937AA7002392BB /* ReplicatorLayer.swift in Sources */,
				315360BE24937AA7002392BB /* URefresh.swift in Sources */,
				315319B92498BF0600658B55 /* FMHomeClassifyAPI.swift in Sources */,
				3152CD43249722D000C407C4 /* FMIrregularityBasicContentView.swift in Sources */,
				3152CD3F24971F6900C407C4 /* FMBasicContentView.swift in Sources */,
				315319B42498A90B00658B55 /* FMHomeClassifyModel.swift in Sources */,
				315360BF24937AA7002392BB /* LBFMCustomLabel.swift in Sources */,
				316EC5A2249C633500E328EF /* FMMineHeaderView.swift in Sources */,
				3154D9D5249B598300B8951D /* FMRadioHeaderView.swift in Sources */,
				315360A624937600002392BB /* MainViewController.swift in Sources */,
				3152CD3A24971ACC00C407C4 /* FMHomeController.swift in Sources */,
				315340092499CA1A005870ED /* FMHomeBroadcastController.swift in Sources */,
				3152CD3D24971D4B00C407C4 /* FMNavigationController.swift in Sources */,
				315360BC24937AA7002392BB /* WRCycleCell.swift in Sources */,
				3152CD412497204E00C407C4 /* FMBouncesContentView.swift in Sources */,
				315340032499B094005870ED /* FMTestAPI.swift in Sources */,
			);
			runOnlyForDeploymentPostprocessing = 0;
		};
/* End PBXSourcesBuildPhase section */

/* Begin PBXVariantGroup section */
		31536090249367A0002392BB /* Main.storyboard */ = {
			isa = PBXVariantGroup;
			children = (
				31536091249367A0002392BB /* Base */,
			);
			name = Main.storyboard;
			sourceTree = "<group>";
		};
		31536095249367A0002392BB /* LaunchScreen.storyboard */ = {
			isa = PBXVariantGroup;
			children = (
				31536096249367A0002392BB /* Base */,
			);
			name = LaunchScreen.storyboard;
			sourceTree = "<group>";
		};
/* End PBXVariantGroup section */

/* Begin XCBuildConfiguration section */
		31536099249367A0002392BB /* Debug */ = {
			isa = XCBuildConfiguration;
			buildSettings = {
				ALWAYS_SEARCH_USER_PATHS = NO;
				CLANG_ANALYZER_NONNULL = YES;
				CLANG_ANALYZER_NUMBER_OBJECT_CONVERSION = YES_AGGRESSIVE;
				CLANG_CXX_LANGUAGE_STANDARD = "gnu++14";
				CLANG_CXX_LIBRARY = "libc++";
				CLANG_ENABLE_MODULES = YES;
				CLANG_ENABLE_OBJC_ARC = YES;
				CLANG_ENABLE_OBJC_WEAK = YES;
				CLANG_WARN_BLOCK_CAPTURE_AUTORELEASING = YES;
				CLANG_WARN_BOOL_CONVERSION = YES;
				CLANG_WARN_COMMA = YES;
				CLANG_WARN_CONSTANT_CONVERSION = YES;
				CLANG_WARN_DEPRECATED_OBJC_IMPLEMENTATIONS = YES;
				CLANG_WARN_DIRECT_OBJC_ISA_USAGE = YES_ERROR;
				CLANG_WARN_DOCUMENTATION_COMMENTS = YES;
				CLANG_WARN_EMPTY_BODY = YES;
				CLANG_WARN_ENUM_CONVERSION = YES;
				CLANG_WARN_INFINITE_RECURSION = YES;
				CLANG_WARN_INT_CONVERSION = YES;
				CLANG_WARN_NON_LITERAL_NULL_CONVERSION = YES;
				CLANG_WARN_OBJC_IMPLICIT_RETAIN_SELF = YES;
				CLANG_WARN_OBJC_LITERAL_CONVERSION = YES;
				CLANG_WARN_OBJC_ROOT_CLASS = YES_ERROR;
				CLANG_WARN_RANGE_LOOP_ANALYSIS = YES;
				CLANG_WARN_STRICT_PROTOTYPES = YES;
				CLANG_WARN_SUSPICIOUS_MOVE = YES;
				CLANG_WARN_UNGUARDED_AVAILABILITY = YES_AGGRESSIVE;
				CLANG_WARN_UNREACHABLE_CODE = YES;
				CLANG_WARN__DUPLICATE_METHOD_MATCH = YES;
				COPY_PHASE_STRIP = NO;
				DEBUG_INFORMATION_FORMAT = dwarf;
				ENABLE_STRICT_OBJC_MSGSEND = YES;
				ENABLE_TESTABILITY = YES;
				GCC_C_LANGUAGE_STANDARD = gnu11;
				GCC_DYNAMIC_NO_PIC = NO;
				GCC_NO_COMMON_BLOCKS = YES;
				GCC_OPTIMIZATION_LEVEL = 0;
				GCC_PREPROCESSOR_DEFINITIONS = (
					"DEBUG=1",
					"$(inherited)",
				);
				GCC_WARN_64_TO_32_BIT_CONVERSION = YES;
				GCC_WARN_ABOUT_RETURN_TYPE = YES_ERROR;
				GCC_WARN_UNDECLARED_SELECTOR = YES;
				GCC_WARN_UNINITIALIZED_AUTOS = YES_AGGRESSIVE;
				GCC_WARN_UNUSED_FUNCTION = YES;
				GCC_WARN_UNUSED_VARIABLE = YES;
				IPHONEOS_DEPLOYMENT_TARGET = 13.4;
				MTL_ENABLE_DEBUG_INFO = INCLUDE_SOURCE;
				MTL_FAST_MATH = YES;
				ONLY_ACTIVE_ARCH = YES;
				SDKROOT = iphoneos;
				SWIFT_ACTIVE_COMPILATION_CONDITIONS = DEBUG;
				SWIFT_OPTIMIZATION_LEVEL = "-Onone";
			};
			name = Debug;
		};
		3153609A249367A0002392BB /* Release */ = {
			isa = XCBuildConfiguration;
			buildSettings = {
				ALWAYS_SEARCH_USER_PATHS = NO;
				CLANG_ANALYZER_NONNULL = YES;
				CLANG_ANALYZER_NUMBER_OBJECT_CONVERSION = YES_AGGRESSIVE;
				CLANG_CXX_LANGUAGE_STANDARD = "gnu++14";
				CLANG_CXX_LIBRARY = "libc++";
				CLANG_ENABLE_MODULES = YES;
				CLANG_ENABLE_OBJC_ARC = YES;
				CLANG_ENABLE_OBJC_WEAK = YES;
				CLANG_WARN_BLOCK_CAPTURE_AUTORELEASING = YES;
				CLANG_WARN_BOOL_CONVERSION = YES;
				CLANG_WARN_COMMA = YES;
				CLANG_WARN_CONSTANT_CONVERSION = YES;
				CLANG_WARN_DEPRECATED_OBJC_IMPLEMENTATIONS = YES;
				CLANG_WARN_DIRECT_OBJC_ISA_USAGE = YES_ERROR;
				CLANG_WARN_DOCUMENTATION_COMMENTS = YES;
				CLANG_WARN_EMPTY_BODY = YES;
				CLANG_WARN_ENUM_CONVERSION = YES;
				CLANG_WARN_INFINITE_RECURSION = YES;
				CLANG_WARN_INT_CONVERSION = YES;
				CLANG_WARN_NON_LITERAL_NULL_CONVERSION = YES;
				CLANG_WARN_OBJC_IMPLICIT_RETAIN_SELF = YES;
				CLANG_WARN_OBJC_LITERAL_CONVERSION = YES;
				CLANG_WARN_OBJC_ROOT_CLASS = YES_ERROR;
				CLANG_WARN_RANGE_LOOP_ANALYSIS = YES;
				CLANG_WARN_STRICT_PROTOTYPES = YES;
				CLANG_WARN_SUSPICIOUS_MOVE = YES;
				CLANG_WARN_UNGUARDED_AVAILABILITY = YES_AGGRESSIVE;
				CLANG_WARN_UNREACHABLE_CODE = YES;
				CLANG_WARN__DUPLICATE_METHOD_MATCH = YES;
				COPY_PHASE_STRIP = NO;
				DEBUG_INFORMATION_FORMAT = "dwarf-with-dsym";
				ENABLE_NS_ASSERTIONS = NO;
				ENABLE_STRICT_OBJC_MSGSEND = YES;
				GCC_C_LANGUAGE_STANDARD = gnu11;
				GCC_NO_COMMON_BLOCKS = YES;
				GCC_WARN_64_TO_32_BIT_CONVERSION = YES;
				GCC_WARN_ABOUT_RETURN_TYPE = YES_ERROR;
				GCC_WARN_UNDECLARED_SELECTOR = YES;
				GCC_WARN_UNINITIALIZED_AUTOS = YES_AGGRESSIVE;
				GCC_WARN_UNUSED_FUNCTION = YES;
				GCC_WARN_UNUSED_VARIABLE = YES;
				IPHONEOS_DEPLOYMENT_TARGET = 13.4;
				MTL_ENABLE_DEBUG_INFO = NO;
				MTL_FAST_MATH = YES;
				SDKROOT = iphoneos;
				SWIFT_COMPILATION_MODE = wholemodule;
				SWIFT_OPTIMIZATION_LEVEL = "-O";
				VALIDATE_PRODUCT = YES;
			};
			name = Release;
		};
		3153609C249367A0002392BB /* Debug */ = {
			isa = XCBuildConfiguration;
			baseConfigurationReference = 33FADE0CB99E4B05391F506A /* Pods-XMLY.debug.xcconfig */;
			buildSettings = {
				ASSETCATALOG_COMPILER_APPICON_NAME = AppIcon;
				CODE_SIGN_STYLE = Automatic;
				DEVELOPMENT_TEAM = 3V39Q7F96X;
				INFOPLIST_FILE = XMLY/Info.plist;
				LD_RUNPATH_SEARCH_PATHS = (
					"$(inherited)",
					"@executable_path/Frameworks",
				);
				PRODUCT_BUNDLE_IDENTIFIER = mac.XMLY;
				PRODUCT_NAME = "$(TARGET_NAME)";
				SWIFT_VERSION = 5.0;
				TARGETED_DEVICE_FAMILY = "1,2";
			};
			name = Debug;
		};
		3153609D249367A0002392BB /* Release */ = {
			isa = XCBuildConfiguration;
			baseConfigurationReference = BCAFE106EA7CB4FEE6497561 /* Pods-XMLY.release.xcconfig */;
			buildSettings = {
				ASSETCATALOG_COMPILER_APPICON_NAME = AppIcon;
				CODE_SIGN_STYLE = Automatic;
				DEVELOPMENT_TEAM = 3V39Q7F96X;
				INFOPLIST_FILE = XMLY/Info.plist;
				LD_RUNPATH_SEARCH_PATHS = (
					"$(inherited)",
					"@executable_path/Frameworks",
				);
				PRODUCT_BUNDLE_IDENTIFIER = mac.XMLY;
				PRODUCT_NAME = "$(TARGET_NAME)";
				SWIFT_VERSION = 5.0;
				TARGETED_DEVICE_FAMILY = "1,2";
			};
			name = Release;
		};
/* End XCBuildConfiguration section */

/* Begin XCConfigurationList section */
		31536082249367A0002392BB /* Build configuration list for PBXProject "XMLY" */ = {
			isa = XCConfigurationList;
			buildConfigurations = (
				31536099249367A0002392BB /* Debug */,
				3153609A249367A0002392BB /* Release */,
			);
			defaultConfigurationIsVisible = 0;
			defaultConfigurationName = Release;
		};
		3153609B249367A0002392BB /* Build configuration list for PBXNativeTarget "XMLY" */ = {
			isa = XCConfigurationList;
			buildConfigurations = (
				3153609C249367A0002392BB /* Debug */,
				3153609D249367A0002392BB /* Release */,
			);
			defaultConfigurationIsVisible = 0;
			defaultConfigurationName = Release;
		};
/* End XCConfigurationList section */
	};
	rootObject = 3153607F249367A0002392BB /* Project object */;
}
